
Microsoft Visual Studio Solution File, Format Version 12.00
# Visual Studio Version 16
VisualStudioVersion = 16.0.29728.190
MinimumVisualStudioVersion = 10.0.40219.1
Project("{9A19103F-16F7-4668-BE54-9A1E7A4F7556}") = "HassyaAllrightCloud", "HassyaAllrightCloud.csproj", "{E6E0FB83-F64C-447F-95EA-E18A992692D3}"
EndProject
Project("{9A19103F-16F7-4668-BE54-9A1E7A4F7556}") = "SharedLibraries.UI", "SharedLibraries\SharedLibraries.UI\SharedLibraries.UI.csproj", "{959B4F15-E690-4F1A-BE60-76E06EEB5D4A}"
EndProject
Project("{9A19103F-16F7-4668-BE54-9A1E7A4F7556}") = "SharedLibraries.Utility", "SharedLibraries\SharedLibraries.Utility\SharedLibraries.Utility.csproj", "{61BE9E33-242B-4CE1-AC12-56994431BEFD}"
EndProject
Global
	GlobalSection(SolutionConfigurationPlatforms) = preSolution
		Debug|Any CPU = Debug|Any CPU
		Debug|ARM = Debug|ARM
		Debug|ARM64 = Debug|ARM64
		Debug|x64 = Debug|x64
		Debug|x86 = Debug|x86
		Release|Any CPU = Release|Any CPU
		Release|ARM = Release|ARM
		Release|ARM64 = Release|ARM64
		Release|x64 = Release|x64
		Release|x86 = Release|x86
	EndGlobalSection
	GlobalSection(ProjectConfigurationPlatforms) = postSolution
		{E6E0FB83-F64C-447F-95EA-E18A992692D3}.Debug|Any CPU.ActiveCfg = Debug|Any CPU
		{E6E0FB83-F64C-447F-95EA-E18A992692D3}.Debug|Any CPU.Build.0 = Debug|Any CPU
		{E6E0FB83-F64C-447F-95EA-E18A992692D3}.Debug|ARM.ActiveCfg = Debug|Any CPU
		{E6E0FB83-F64C-447F-95EA-E18A992692D3}.Debug|ARM.Build.0 = Debug|Any CPU
		{E6E0FB83-F64C-447F-95EA-E18A992692D3}.Debug|ARM64.ActiveCfg = Debug|Any CPU
		{E6E0FB83-F64C-447F-95EA-E18A992692D3}.Debug|ARM64.Build.0 = Debug|Any CPU
		{E6E0FB83-F64C-447F-95EA-E18A992692D3}.Debug|x64.ActiveCfg = Debug|Any CPU
		{E6E0FB83-F64C-447F-95EA-E18A992692D3}.Debug|x64.Build.0 = Debug|Any CPU
		{E6E0FB83-F64C-447F-95EA-E18A992692D3}.Debug|x86.ActiveCfg = Debug|Any CPU
		{E6E0FB83-F64C-447F-95EA-E18A992692D3}.Debug|x86.Build.0 = Debug|Any CPU
		{E6E0FB83-F64C-447F-95EA-E18A992692D3}.Release|Any CPU.ActiveCfg = Release|Any CPU
		{E6E0FB83-F64C-447F-95EA-E18A992692D3}.Release|Any CPU.Build.0 = Release|Any CPU
		{E6E0FB83-F64C-447F-95EA-E18A992692D3}.Release|ARM.ActiveCfg = Release|Any CPU
		{E6E0FB83-F64C-447F-95EA-E18A992692D3}.Release|ARM.Build.0 = Release|Any CPU
		{E6E0FB83-F64C-447F-95EA-E18A992692D3}.Release|ARM64.ActiveCfg = Release|Any CPU
		{E6E0FB83-F64C-447F-95EA-E18A992692D3}.Release|ARM64.Build.0 = Release|Any CPU
		{E6E0FB83-F64C-447F-95EA-E18A992692D3}.Release|x64.ActiveCfg = Release|Any CPU
		{E6E0FB83-F64C-447F-95EA-E18A992692D3}.Release|x64.Build.0 = Release|Any CPU
		{E6E0FB83-F64C-447F-95EA-E18A992692D3}.Release|x86.ActiveCfg = Release|Any CPU
		{E6E0FB83-F64C-447F-95EA-E18A992692D3}.Release|x86.Build.0 = Release|Any CPU
		{959B4F15-E690-4F1A-BE60-76E06EEB5D4A}.Debug|Any CPU.ActiveCfg = Debug|Any CPU
		{959B4F15-E690-4F1A-BE60-76E06EEB5D4A}.Debug|Any CPU.Build.0 = Debug|Any CPU
		{959B4F15-E690-4F1A-BE60-76E06EEB5D4A}.Debug|ARM.ActiveCfg = Debug|Any CPU
		{959B4F15-E690-4F1A-BE60-76E06EEB5D4A}.Debug|ARM.Build.0 = Debug|Any CPU
		{959B4F15-E690-4F1A-BE60-76E06EEB5D4A}.Debug|ARM64.ActiveCfg = Debug|Any CPU
		{959B4F15-E690-4F1A-BE60-76E06EEB5D4A}.Debug|ARM64.Build.0 = Debug|Any CPU
		{959B4F15-E690-4F1A-BE60-76E06EEB5D4A}.Debug|x64.ActiveCfg = Debug|Any CPU
		{959B4F15-E690-4F1A-BE60-76E06EEB5D4A}.Debug|x64.Build.0 = Debug|Any CPU
		{959B4F15-E690-4F1A-BE60-76E06EEB5D4A}.Debug|x86.ActiveCfg = Debug|Any CPU
		{959B4F15-E690-4F1A-BE60-76E06EEB5D4A}.Debug|x86.Build.0 = Debug|Any CPU
		{959B4F15-E690-4F1A-BE60-76E06EEB5D4A}.Release|Any CPU.ActiveCfg = Release|Any CPU
		{959B4F15-E690-4F1A-BE60-76E06EEB5D4A}.Release|Any CPU.Build.0 = Release|Any CPU
		{959B4F15-E690-4F1A-BE60-76E06EEB5D4A}.Release|ARM.ActiveCfg = Release|Any CPU
		{959B4F15-E690-4F1A-BE60-76E06EEB5D4A}.Release|ARM.Build.0 = Release|Any CPU
		{959B4F15-E690-4F1A-BE60-76E06EEB5D4A}.Release|ARM64.ActiveCfg = Release|Any CPU
		{959B4F15-E690-4F1A-BE60-76E06EEB5D4A}.Release|ARM64.Build.0 = Release|Any CPU
		{959B4F15-E690-4F1A-BE60-76E06EEB5D4A}.Release|x64.ActiveCfg = Release|Any CPU
		{959B4F15-E690-4F1A-BE60-76E06EEB5D4A}.Release|x64.Build.0 = Release|Any CPU
		{959B4F15-E690-4F1A-BE60-76E06EEB5D4A}.Release|x86.ActiveCfg = Release|Any CPU
		{959B4F15-E690-4F1A-BE60-76E06EEB5D4A}.Release|x86.Build.0 = Release|Any CPU
		{61BE9E33-242B-4CE1-AC12-56994431BEFD}.Debug|Any CPU.ActiveCfg = Debug|Any CPU
		{61BE9E33-242B-4CE1-AC12-56994431BEFD}.Debug|Any CPU.Build.0 = Debug|Any CPU
		{61BE9E33-242B-4CE1-AC12-56994431BEFD}.Debug|ARM.ActiveCfg = Debug|Any CPU
		{61BE9E33-242B-4CE1-AC12-56994431BEFD}.Debug|ARM.Build.0 = Debug|Any CPU
		{61BE9E33-242B-4CE1-AC12-56994431BEFD}.Debug|ARM64.ActiveCfg = Debug|Any CPU
		{61BE9E33-242B-4CE1-AC12-56994431BEFD}.Debug|ARM64.Build.0 = Debug|Any CPU
		{61BE9E33-242B-4CE1-AC12-56994431BEFD}.Debug|x64.ActiveCfg = Debug|Any CPU
		{61BE9E33-242B-4CE1-AC12-56994431BEFD}.Debug|x64.Build.0 = Debug|Any CPU
		{61BE9E33-242B-4CE1-AC12-56994431BEFD}.Debug|x86.ActiveCfg = Debug|Any CPU
		{61BE9E33-242B-4CE1-AC12-56994431BEFD}.Debug|x86.Build.0 = Debug|Any CPU
		{61BE9E33-242B-4CE1-AC12-56994431BEFD}.Release|Any CPU.ActiveCfg = Release|Any CPU
		{61BE9E33-242B-4CE1-AC12-56994431BEFD}.Release|Any CPU.Build.0 = Release|Any CPU
		{61BE9E33-242B-4CE1-AC12-56994431BEFD}.Release|ARM.ActiveCfg = Release|Any CPU
		{61BE9E33-242B-4CE1-AC12-56994431BEFD}.Release|ARM.Build.0 = Release|Any CPU
		{61BE9E33-242B-4CE1-AC12-56994431BEFD}.Release|ARM64.ActiveCfg = Release|Any CPU
		{61BE9E33-242B-4CE1-AC12-56994431BEFD}.Release|ARM64.Build.0 = Release|Any CPU
		{61BE9E33-242B-4CE1-AC12-56994431BEFD}.Release|x64.ActiveCfg = Release|Any CPU
		{61BE9E33-242B-4CE1-AC12-56994431BEFD}.Release|x64.Build.0 = Release|Any CPU
		{61BE9E33-242B-4CE1-AC12-56994431BEFD}.Release|x86.ActiveCfg = Release|Any CPU
		{61BE9E33-242B-4CE1-AC12-56994431BEFD}.Release|x86.Build.0 = Release|Any CPU
	EndGlobalSection
	GlobalSection(SolutionProperties) = preSolution
		HideSolutionNode = FALSE
	EndGlobalSection
	GlobalSection(ExtensibilityGlobals) = postSolution
		SolutionGuid = {CE1E9DCC-AA53-411C-B59E-B8E74AC5EF9A}
	EndGlobalSection
EndGlobal
